<?xml version="1.0" encoding="utf-8"?>
<Project ToolsVersion="4.0" xmlns="http://schemas.microsoft.com/developer/msbuild/2003">
  <ItemGroup>
    <Filter Include="소스 파일">
      <UniqueIdentifier>{4FC737F1-C7A5-4376-A066-2A32D752A2FF}</UniqueIdentifier>
      <Extensions>cpp;c;cc;cxx;c++;cppm;ixx;def;odl;idl;hpj;bat;asm;asmx</Extensions>
    </Filter>
    <Filter Include="헤더 파일">
      <UniqueIdentifier>{93995380-89BD-4b04-88EB-625FBE52EBFB}</UniqueIdentifier>
      <Extensions>h;hh;hpp;hxx;h++;hm;inl;inc;ipp;xsd</Extensions>
    </Filter>
    <Filter Include="리소스 파일">
      <UniqueIdentifier>{67DA6AB6-F800-4c08-8B7A-83BB121AAD01}</UniqueIdentifier>
      <Extensions>rc;ico;cur;bmp;dlg;rc2;rct;bin;rgs;gif;jpg;jpeg;jpe;resx;tiff;tif;png;wav;mfcribbon-ms</Extensions>
    </Filter>
    <Filter Include="소스 파일\Class1">
      <UniqueIdentifier>{7e9322d2-5ed1-475b-8673-433c1f352f35}</UniqueIdentifier>
    </Filter>
    <Filter Include="소스 파일\Class2">
      <UniqueIdentifier>{8d2a991d-95e8-4866-96e9-407f95445427}</UniqueIdentifier>
    </Filter>
    <Filter Include="소스 파일\Class3">
      <UniqueIdentifier>{767d0ddb-7a69-401d-8372-333ca68f136e}</UniqueIdentifier>
    </Filter>
    <Filter Include="소스 파일\Class4">
      <UniqueIdentifier>{415b29ef-5b12-48e1-8ff2-38e12d57ed19}</UniqueIdentifier>
    </Filter>
    <Filter Include="소스 파일\dijkstra">
      <UniqueIdentifier>{2c3ecbb7-a64f-4c1f-bd1e-a44a1952b8b8}</UniqueIdentifier>
    </Filter>
    <Filter Include="소스 파일\BellmanFord">
      <UniqueIdentifier>{837412eb-e322-4ec9-89db-5a9810f51427}</UniqueIdentifier>
    </Filter>
    <Filter Include="소스 파일\Class5">
      <UniqueIdentifier>{2bab291e-9be9-4ef7-87bb-0705d03527fb}</UniqueIdentifier>
    </Filter>
    <Filter Include="소스 파일\Silver">
      <UniqueIdentifier>{5bd4fed9-0a33-4900-9afc-c2e9d0ac9da2}</UniqueIdentifier>
    </Filter>
    <Filter Include="소스 파일\Bronze">
      <UniqueIdentifier>{3544d35e-0223-431c-981c-e527cb2fe6cc}</UniqueIdentifier>
    </Filter>
    <Filter Include="소스 파일\Gold">
      <UniqueIdentifier>{b9bc313d-6d76-4ba6-b8ee-e877053521ab}</UniqueIdentifier>
    </Filter>
    <Filter Include="소스 파일\GroomEdu">
      <UniqueIdentifier>{89e970d6-0fcc-4c09-bca4-eb2117aa31c8}</UniqueIdentifier>
    </Filter>
    <Filter Include="소스 파일\HackerRank">
      <UniqueIdentifier>{b53bd0c0-277e-454f-9a55-e3a52a762d98}</UniqueIdentifier>
    </Filter>
  </ItemGroup>
  <ItemGroup>
    <ClCompile Include="1152.cpp">
      <Filter>소스 파일\Class1</Filter>
    </ClCompile>
    <ClCompile Include="1157.cpp">
      <Filter>소스 파일\Class1</Filter>
    </ClCompile>
    <ClCompile Include="1018.cpp">
      <Filter>소스 파일\Class2</Filter>
    </ClCompile>
    <ClCompile Include="1181.cpp">
      <Filter>소스 파일\Class2</Filter>
    </ClCompile>
    <ClCompile Include="1259.cpp">
      <Filter>소스 파일\Class2</Filter>
    </ClCompile>
    <ClCompile Include="1436.cpp">
      <Filter>소스 파일\Class2</Filter>
    </ClCompile>
    <ClCompile Include="1546.cpp">
      <Filter>소스 파일\Class2</Filter>
    </ClCompile>
    <ClCompile Include="1676.cpp">
      <Filter>소스 파일\Class2</Filter>
    </ClCompile>
    <ClCompile Include="1920.cpp">
      <Filter>소스 파일\Class2</Filter>
    </ClCompile>
    <ClCompile Include="1929(1).cpp">
      <Filter>소스 파일\Class2</Filter>
    </ClCompile>
    <ClCompile Include="1929%282%29.cpp">
      <Filter>소스 파일\Class2</Filter>
    </ClCompile>
    <ClCompile Include="1966.cpp">
      <Filter>소스 파일\Class2</Filter>
    </ClCompile>
    <ClCompile Include="2108.cpp">
      <Filter>소스 파일\Class2</Filter>
    </ClCompile>
    <ClCompile Include="2164.cpp">
      <Filter>소스 파일\Class2</Filter>
    </ClCompile>
    <ClCompile Include="2292.cpp">
      <Filter>소스 파일\Class2</Filter>
    </ClCompile>
    <ClCompile Include="2609.cpp">
      <Filter>소스 파일\Class2</Filter>
    </ClCompile>
    <ClCompile Include="7569.cpp">
      <Filter>소스 파일\Class2</Filter>
    </ClCompile>
    <ClCompile Include="7662.cpp">
      <Filter>소스 파일\Class2</Filter>
    </ClCompile>
    <ClCompile Include="11279%281%29.cpp">
      <Filter>소스 파일\Class2</Filter>
    </ClCompile>
    <ClCompile Include="11279(2).cpp">
      <Filter>소스 파일\Class2</Filter>
    </ClCompile>
    <ClCompile Include="18870%281%29.cpp">
      <Filter>소스 파일\Class2</Filter>
    </ClCompile>
    <ClCompile Include="18870(2).cpp">
      <Filter>소스 파일\Class2</Filter>
    </ClCompile>
    <ClCompile Include="2775.cpp">
      <Filter>소스 파일\Class2</Filter>
    </ClCompile>
    <ClCompile Include="2798.cpp">
      <Filter>소스 파일\Class2</Filter>
    </ClCompile>
    <ClCompile Include="2839.cpp">
      <Filter>소스 파일\Class2</Filter>
    </ClCompile>
    <ClCompile Include="4949.cpp">
      <Filter>소스 파일\Class2</Filter>
    </ClCompile>
    <ClCompile Include="10989.cpp">
      <Filter>소스 파일\Class2</Filter>
    </ClCompile>
    <ClCompile Include="15829.cpp">
      <Filter>소스 파일\Class2</Filter>
    </ClCompile>
    <ClCompile Include="18110.cpp">
      <Filter>소스 파일\Class2</Filter>
    </ClCompile>
    <ClCompile Include="1003.cpp">
      <Filter>소스 파일\Class3</Filter>
    </ClCompile>
    <ClCompile Include="1012.cpp">
      <Filter>소스 파일\Class3</Filter>
    </ClCompile>
    <ClCompile Include="1074.cpp">
      <Filter>소스 파일\Class3</Filter>
    </ClCompile>
    <ClCompile Include="1107.cpp">
      <Filter>소스 파일\Class3</Filter>
    </ClCompile>
    <ClCompile Include="1260.cpp">
      <Filter>소스 파일\Class3</Filter>
    </ClCompile>
    <ClCompile Include="1389.cpp">
      <Filter>소스 파일\Class3</Filter>
    </ClCompile>
    <ClCompile Include="1463.cpp">
      <Filter>소스 파일\Class3</Filter>
    </ClCompile>
    <ClCompile Include="1541.cpp">
      <Filter>소스 파일\Class3</Filter>
    </ClCompile>
    <ClCompile Include="1620.cpp">
      <Filter>소스 파일\Class3</Filter>
    </ClCompile>
    <ClCompile Include="1697.cpp">
      <Filter>소스 파일\Class3</Filter>
    </ClCompile>
    <ClCompile Include="1764.cpp">
      <Filter>소스 파일\Class3</Filter>
    </ClCompile>
    <ClCompile Include="1927.cpp">
      <Filter>소스 파일\Class3</Filter>
    </ClCompile>
    <ClCompile Include="1931.cpp">
      <Filter>소스 파일\Class3</Filter>
    </ClCompile>
    <ClCompile Include="2178.cpp">
      <Filter>소스 파일\Class3</Filter>
    </ClCompile>
    <ClCompile Include="2579.cpp">
      <Filter>소스 파일\Class3</Filter>
    </ClCompile>
    <ClCompile Include="2630.cpp">
      <Filter>소스 파일\Class3</Filter>
    </ClCompile>
    <ClCompile Include="2667.cpp">
      <Filter>소스 파일\Class3</Filter>
    </ClCompile>
    <ClCompile Include="2805.cpp">
      <Filter>소스 파일\Class3</Filter>
    </ClCompile>
    <ClCompile Include="5430.cpp">
      <Filter>소스 파일\Class3</Filter>
    </ClCompile>
    <ClCompile Include="5525.cpp">
      <Filter>소스 파일\Class3</Filter>
    </ClCompile>
    <ClCompile Include="6064.cpp">
      <Filter>소스 파일\Class3</Filter>
    </ClCompile>
    <ClCompile Include="7576.cpp">
      <Filter>소스 파일\Class3</Filter>
    </ClCompile>
    <ClCompile Include="9095.cpp">
      <Filter>소스 파일\Class3</Filter>
    </ClCompile>
    <ClCompile Include="11399.cpp">
      <Filter>소스 파일\Class3</Filter>
    </ClCompile>
    <ClCompile Include="11659.cpp">
      <Filter>소스 파일\Class3</Filter>
    </ClCompile>
    <ClCompile Include="11723.cpp">
      <Filter>소스 파일\Class3</Filter>
    </ClCompile>
    <ClCompile Include="11724.cpp">
      <Filter>소스 파일\Class3</Filter>
    </ClCompile>
    <ClCompile Include="11726.cpp">
      <Filter>소스 파일\Class3</Filter>
    </ClCompile>
    <ClCompile Include="14940.cpp">
      <Filter>소스 파일\Class3</Filter>
    </ClCompile>
    <ClCompile Include="9461.cpp">
      <Filter>소스 파일\Class3</Filter>
    </ClCompile>
    <ClCompile Include="10026.cpp">
      <Filter>소스 파일\Class3</Filter>
    </ClCompile>
    <ClCompile Include="11047.cpp">
      <Filter>소스 파일\Class3</Filter>
    </ClCompile>
    <ClCompile Include="11286.cpp">
      <Filter>소스 파일\Class3</Filter>
    </ClCompile>
    <ClCompile Include="11403.cpp">
      <Filter>소스 파일\Class3</Filter>
    </ClCompile>
    <ClCompile Include="11727.cpp">
      <Filter>소스 파일\Class3</Filter>
    </ClCompile>
    <ClCompile Include="14500.cpp">
      <Filter>소스 파일\Class3</Filter>
    </ClCompile>
    <ClCompile Include="16928.cpp">
      <Filter>소스 파일\Class3</Filter>
    </ClCompile>
    <ClCompile Include="17626.cpp">
      <Filter>소스 파일\Class3</Filter>
    </ClCompile>
    <ClCompile Include="20529.cpp">
      <Filter>소스 파일\Class3</Filter>
    </ClCompile>
    <ClCompile Include="21736.cpp">
      <Filter>소스 파일\Class3</Filter>
    </ClCompile>
    <ClCompile Include="9019.cpp">
      <Filter>소스 파일\Class3</Filter>
    </ClCompile>
    <ClCompile Include="9251.cpp">
      <Filter>소스 파일\Class4</Filter>
    </ClCompile>
    <ClCompile Include="2448.cpp">
      <Filter>소스 파일\Class4</Filter>
    </ClCompile>
    <ClCompile Include="11660.cpp">
      <Filter>소스 파일\Class4</Filter>
    </ClCompile>
    <ClCompile Include="11054.cpp">
      <Filter>소스 파일\Class4</Filter>
    </ClCompile>
    <ClCompile Include="1932.cpp">
      <Filter>소스 파일\Class4</Filter>
    </ClCompile>
    <ClCompile Include="15686.cpp">
      <Filter>소스 파일\Class4</Filter>
    </ClCompile>
    <ClCompile Include="1043.cpp">
      <Filter>소스 파일\Class4</Filter>
    </ClCompile>
    <ClCompile Include="1149.cpp">
      <Filter>소스 파일\Class4</Filter>
    </ClCompile>
    <ClCompile Include="15650.cpp">
      <Filter>소스 파일\Class4</Filter>
    </ClCompile>
    <ClCompile Include="15652.cpp">
      <Filter>소스 파일\Class4</Filter>
    </ClCompile>
    <ClCompile Include="15654.cpp">
      <Filter>소스 파일\Class4</Filter>
    </ClCompile>
    <ClCompile Include="15657.cpp">
      <Filter>소스 파일\Class4</Filter>
    </ClCompile>
    <ClCompile Include="15663.cpp">
      <Filter>소스 파일\Class4</Filter>
    </ClCompile>
    <ClCompile Include="15666.cpp">
      <Filter>소스 파일\Class4</Filter>
    </ClCompile>
    <ClCompile Include="12865.cpp">
      <Filter>소스 파일\Class4</Filter>
    </ClCompile>
    <ClCompile Include="9465.cpp">
      <Filter>소스 파일\Class4</Filter>
    </ClCompile>
    <ClCompile Include="2206.cpp">
      <Filter>소스 파일\Class4</Filter>
    </ClCompile>
    <ClCompile Include="1916.cpp">
      <Filter>소스 파일\Class4</Filter>
    </ClCompile>
    <ClCompile Include="1753.cpp">
      <Filter>소스 파일\Class4</Filter>
    </ClCompile>
    <ClCompile Include="18352.cpp">
      <Filter>소스 파일\dijkstra</Filter>
    </ClCompile>
    <ClCompile Include="5972.cpp">
      <Filter>소스 파일\dijkstra</Filter>
    </ClCompile>
    <ClCompile Include="11725.cpp">
      <Filter>소스 파일\Class4</Filter>
    </ClCompile>
    <ClCompile Include="1167.cpp">
      <Filter>소스 파일\Class4</Filter>
    </ClCompile>
    <ClCompile Include="1238.cpp">
      <Filter>소스 파일\Class4</Filter>
    </ClCompile>
    <ClCompile Include="1238_dijkstra.cpp">
      <Filter>소스 파일\dijkstra</Filter>
    </ClCompile>
    <ClCompile Include="1629.cpp">
      <Filter>소스 파일\Class4</Filter>
    </ClCompile>
    <ClCompile Include="1865.cpp">
      <Filter>소스 파일\Class4</Filter>
    </ClCompile>
    <ClCompile Include="11657.cpp">
      <Filter>소스 파일\BellmanFord</Filter>
    </ClCompile>
    <ClCompile Include="1504.cpp">
      <Filter>소스 파일\Class4</Filter>
    </ClCompile>
    <ClCompile Include="1918.cpp">
      <Filter>소스 파일\Class4</Filter>
    </ClCompile>
    <ClCompile Include="1991.cpp">
      <Filter>소스 파일\Class4</Filter>
    </ClCompile>
    <ClCompile Include="1967.cpp">
      <Filter>소스 파일\Class4</Filter>
    </ClCompile>
    <ClCompile Include="1987.cpp">
      <Filter>소스 파일\Class4</Filter>
    </ClCompile>
    <ClCompile Include="2096.cpp">
      <Filter>소스 파일\Class4</Filter>
    </ClCompile>
    <ClCompile Include="2638.cpp">
      <Filter>소스 파일\Class4</Filter>
    </ClCompile>
    <ClCompile Include="5639.cpp">
      <Filter>소스 파일\Class4</Filter>
    </ClCompile>
    <ClCompile Include="9663.cpp">
      <Filter>소스 파일\Class4</Filter>
    </ClCompile>
    <ClCompile Include="11053.cpp">
      <Filter>소스 파일\Class4</Filter>
    </ClCompile>
    <ClCompile Include="11404.cpp">
      <Filter>소스 파일\Class4</Filter>
    </ClCompile>
    <ClCompile Include="11444.cpp">
      <Filter>소스 파일\Class4</Filter>
    </ClCompile>
    <ClCompile Include="13549.cpp">
      <Filter>소스 파일\Class4</Filter>
    </ClCompile>
    <ClCompile Include="16953.cpp">
      <Filter>소스 파일\Class4</Filter>
    </ClCompile>
    <ClCompile Include="17144.cpp">
      <Filter>소스 파일\Class4</Filter>
    </ClCompile>
    <ClCompile Include="12851.cpp">
      <Filter>소스 파일\Class4</Filter>
    </ClCompile>
    <ClCompile Include="13172.cpp">
      <Filter>소스 파일\Class4</Filter>
    </ClCompile>
    <ClCompile Include="9935.cpp">
      <Filter>소스 파일\Class4</Filter>
    </ClCompile>
    <ClCompile Include="14502.cpp">
      <Filter>소스 파일\Class4</Filter>
    </ClCompile>
    <ClCompile Include="17070.cpp">
      <Filter>소스 파일\Class4</Filter>
    </ClCompile>
    <ClCompile Include="11779.cpp">
      <Filter>소스 파일\Class4</Filter>
    </ClCompile>
    <ClCompile Include="10830.cpp">
      <Filter>소스 파일\Class4</Filter>
    </ClCompile>
    <ClCompile Include="16236.cpp">
      <Filter>소스 파일\Class4</Filter>
    </ClCompile>
    <ClCompile Include="14938.cpp">
      <Filter>소스 파일\Class4</Filter>
    </ClCompile>
    <ClCompile Include="1562.cpp">
      <Filter>소스 파일\Class5</Filter>
    </ClCompile>
    <ClCompile Include="2467.cpp">
      <Filter>소스 파일\Class5</Filter>
    </ClCompile>
    <ClCompile Include="17387.cpp">
      <Filter>소스 파일\Class5</Filter>
    </ClCompile>
    <ClCompile Include="16724.cpp">
      <Filter>소스 파일\Class5</Filter>
    </ClCompile>
    <ClCompile Include="2143.cpp">
      <Filter>소스 파일\Class5</Filter>
    </ClCompile>
    <ClCompile Include="2252.cpp">
      <Filter>소스 파일\Class5</Filter>
    </ClCompile>
    <ClCompile Include="2473.cpp">
      <Filter>소스 파일\Class5</Filter>
    </ClCompile>
    <ClCompile Include="9466.cpp">
      <Filter>소스 파일\Class5</Filter>
    </ClCompile>
    <ClCompile Include="9527.cpp">
      <Filter>소스 파일\Class5</Filter>
    </ClCompile>
    <ClCompile Include="1005.cpp">
      <Filter>소스 파일\Class5</Filter>
    </ClCompile>
    <ClCompile Include="20040.cpp">
      <Filter>소스 파일\Class5</Filter>
    </ClCompile>
    <ClCompile Include="2239.cpp">
      <Filter>소스 파일\Class5</Filter>
    </ClCompile>
    <ClCompile Include="1644.cpp">
      <Filter>소스 파일\Class5</Filter>
    </ClCompile>
    <ClCompile Include="2263.cpp">
      <Filter>소스 파일\Class5</Filter>
    </ClCompile>
    <ClCompile Include="1766.cpp">
      <Filter>소스 파일\Class5</Filter>
    </ClCompile>
    <ClCompile Include="2166.cpp">
      <Filter>소스 파일\Class5</Filter>
    </ClCompile>
    <ClCompile Include="AABB.cpp">
      <Filter>소스 파일</Filter>
    </ClCompile>
    <ClCompile Include="1380.cpp">
      <Filter>소스 파일\Silver</Filter>
    </ClCompile>
    <ClCompile Include="1085.cpp">
      <Filter>소스 파일\Bronze</Filter>
    </ClCompile>
    <ClCompile Include="1183.cpp">
      <Filter>소스 파일\Silver</Filter>
    </ClCompile>
    <ClCompile Include="1026.cpp">
      <Filter>소스 파일\Silver</Filter>
    </ClCompile>
    <ClCompile Include="2742.cpp">
      <Filter>소스 파일\Bronze</Filter>
    </ClCompile>
    <ClCompile Include="2083.cpp">
      <Filter>소스 파일\Bronze</Filter>
    </ClCompile>
    <ClCompile Include="1021.cpp">
      <Filter>소스 파일\Silver</Filter>
    </ClCompile>
    <ClCompile Include="1124.cpp">
      <Filter>소스 파일\Silver</Filter>
    </ClCompile>
    <ClCompile Include="2470.cpp">
      <Filter>소스 파일\Gold</Filter>
    </ClCompile>
    <ClCompile Include="1267.cpp">
      <Filter>소스 파일\Bronze</Filter>
    </ClCompile>
    <ClCompile Include="1049.cpp">
      <Filter>소스 파일\Silver</Filter>
    </ClCompile>
    <ClCompile Include="1547.cpp">
      <Filter>소스 파일\Bronze</Filter>
    </ClCompile>
    <ClCompile Include="1213.cpp">
      <Filter>소스 파일\Silver</Filter>
    </ClCompile>
    <ClCompile Include="1075.cpp">
      <Filter>소스 파일\Bronze</Filter>
    </ClCompile>
    <ClCompile Include="1009.cpp">
      <Filter>소스 파일\Bronze</Filter>
    </ClCompile>
    <ClCompile Include="1010.cpp">
      <Filter>소스 파일\Silver</Filter>
    </ClCompile>
    <ClCompile Include="1284.cpp">
      <Filter>소스 파일\Bronze</Filter>
    </ClCompile>
    <ClCompile Include="1251.cpp">
      <Filter>소스 파일\Silver</Filter>
    </ClCompile>
    <ClCompile Include="1057.cpp">
      <Filter>소스 파일\Silver</Filter>
    </ClCompile>
    <ClCompile Include="1138.cpp">
      <Filter>소스 파일\Silver</Filter>
    </ClCompile>
    <ClCompile Include="14916.cpp">
      <Filter>소스 파일\Silver</Filter>
    </ClCompile>
    <ClCompile Include="2491.cpp">
      <Filter>소스 파일\Silver</Filter>
    </ClCompile>
    <ClCompile Include="2660.cpp">
      <Filter>소스 파일\Gold</Filter>
    </ClCompile>
    <ClCompile Include="15723.cpp">
      <Filter>소스 파일\Silver</Filter>
    </ClCompile>
    <ClCompile Include="1446.cpp">
      <Filter>소스 파일\dijkstra</Filter>
    </ClCompile>
    <ClCompile Include="좌표정렬%281%29.cpp">
      <Filter>소스 파일\GroomEdu</Filter>
    </ClCompile>
    <ClCompile Include="좌표정렬%282%29.cpp">
      <Filter>소스 파일\GroomEdu</Filter>
    </ClCompile>
    <ClCompile Include="1633.cpp">
      <Filter>소스 파일\GroomEdu</Filter>
    </ClCompile>
    <ClCompile Include="1260%28Practice%29.cpp">
      <Filter>소스 파일\GroomEdu</Filter>
    </ClCompile>
    <ClCompile Include="2178%28Practice%29.cpp">
      <Filter>소스 파일\GroomEdu</Filter>
    </ClCompile>
    <ClCompile Include="단어필터.cpp">
      <Filter>소스 파일\GroomEdu</Filter>
    </ClCompile>
    <ClCompile Include="1753%28Practice%29.cpp">
      <Filter>소스 파일\dijkstra</Filter>
    </ClCompile>
    <ClCompile Include="1261.cpp">
      <Filter>소스 파일\dijkstra</Filter>
    </ClCompile>
    <ClCompile Include="11404%28Practice%29.cpp">
      <Filter>소스 파일\dijkstra</Filter>
    </ClCompile>
    <ClCompile Include="Practice.cpp">
      <Filter>소스 파일\GroomEdu</Filter>
    </ClCompile>
    <ClCompile Include="31403.cpp">
      <Filter>소스 파일\Class1</Filter>
    </ClCompile>
    <ClCompile Include="30802.cpp">
      <Filter>소스 파일\Class2</Filter>
    </ClCompile>
    <ClCompile Include="28702.cpp">
      <Filter>소스 파일\Class2</Filter>
    </ClCompile>
    <ClCompile Include="30804.cpp">
      <Filter>소스 파일\Class3</Filter>
    </ClCompile>
    <ClCompile Include="30805.cpp">
      <Filter>소스 파일\Class4</Filter>
    </ClCompile>
    <ClCompile Include="Staircase.cpp">
      <Filter>소스 파일\HackerRank</Filter>
    </ClCompile>
  </ItemGroup>
  <ItemGroup>
    <None Include="좌표정렬1" />
  </ItemGroup>
</Project>